
Microsoft Visual Studio Solution File, Format Version 12.00
# Visual Studio 2013
VisualStudioVersion = 12.0.30110.0
MinimumVisualStudioVersion = 10.0.40219.1
Project("{FAE04EC0-301F-11D3-BF4B-00C04F79EFBC}") = "TPS.Service", "TPS.Service\TPS.Service.csproj", "{9E11B034-A4D7-46F4-B163-EE0DF0B73A7A}"
EndProject
Project("{FAE04EC0-301F-11D3-BF4B-00C04F79EFBC}") = "TPS.ServiceConsoleHost", "TPS.ServiceConsoleHost\TPS.ServiceConsoleHost.csproj", "{5423BEE9-02E1-4F2E-B317-EBE9ADA94E1B}"
EndProject
Project("{FAE04EC0-301F-11D3-BF4B-00C04F79EFBC}") = "TPS.LogManager", "TPS.LogManager\TPS.LogManager.csproj", "{F7A34A48-6763-4E2C-8B04-61177B0C3CD0}"
EndProject
Project("{2150E333-8FDC-42A3-9474-1A3956D46DE8}") = "TPS", "TPS", "{CF85207A-BAFE-4FE2-AC56-46AC5F0956D7}"
EndProject
Project("{2150E333-8FDC-42A3-9474-1A3956D46DE8}") = "TestService", "TestService", "{6924D21F-87C2-4CFF-B211-C9025D8859BF}"
EndProject
Project("{2150E333-8FDC-42A3-9474-1A3956D46DE8}") = "TestClient", "TestClient", "{157FB6E1-EE80-4414-A161-FBB604D8D2AB}"
EndProject
Project("{FAE04EC0-301F-11D3-BF4B-00C04F79EFBC}") = "DuTestClient", "DuTestClient\DuTestClient.csproj", "{01CB6E95-DC42-436A-8448-5833C07EE734}"
EndProject
Project("{FAE04EC0-301F-11D3-BF4B-00C04F79EFBC}") = "testBll", "testBll\testBll.csproj", "{059F9880-D083-423D-82C3-37B734DB3239}"
EndProject
Project("{FAE04EC0-301F-11D3-BF4B-00C04F79EFBC}") = "testIService", "testIService\testIService.csproj", "{0BF29605-EB1A-4D93-A1EE-CD3A91BA21B3}"
EndProject
Project("{FAE04EC0-301F-11D3-BF4B-00C04F79EFBC}") = "testService", "testService\testService.csproj", "{20459C88-EBE7-4202-A185-04182F3DFF45}"
EndProject
Global
	GlobalSection(SolutionConfigurationPlatforms) = preSolution
		Debug|Any CPU = Debug|Any CPU
		Release|Any CPU = Release|Any CPU
	EndGlobalSection
	GlobalSection(ProjectConfigurationPlatforms) = postSolution
		{9E11B034-A4D7-46F4-B163-EE0DF0B73A7A}.Debug|Any CPU.ActiveCfg = Debug|Any CPU
		{9E11B034-A4D7-46F4-B163-EE0DF0B73A7A}.Debug|Any CPU.Build.0 = Debug|Any CPU
		{9E11B034-A4D7-46F4-B163-EE0DF0B73A7A}.Release|Any CPU.ActiveCfg = Release|Any CPU
		{9E11B034-A4D7-46F4-B163-EE0DF0B73A7A}.Release|Any CPU.Build.0 = Release|Any CPU
		{5423BEE9-02E1-4F2E-B317-EBE9ADA94E1B}.Debug|Any CPU.ActiveCfg = Debug|Any CPU
		{5423BEE9-02E1-4F2E-B317-EBE9ADA94E1B}.Debug|Any CPU.Build.0 = Debug|Any CPU
		{5423BEE9-02E1-4F2E-B317-EBE9ADA94E1B}.Release|Any CPU.ActiveCfg = Release|Any CPU
		{5423BEE9-02E1-4F2E-B317-EBE9ADA94E1B}.Release|Any CPU.Build.0 = Release|Any CPU
		{F7A34A48-6763-4E2C-8B04-61177B0C3CD0}.Debug|Any CPU.ActiveCfg = Debug|Any CPU
		{F7A34A48-6763-4E2C-8B04-61177B0C3CD0}.Debug|Any CPU.Build.0 = Debug|Any CPU
		{F7A34A48-6763-4E2C-8B04-61177B0C3CD0}.Release|Any CPU.ActiveCfg = Release|Any CPU
		{F7A34A48-6763-4E2C-8B04-61177B0C3CD0}.Release|Any CPU.Build.0 = Release|Any CPU
		{01CB6E95-DC42-436A-8448-5833C07EE734}.Debug|Any CPU.ActiveCfg = Debug|Any CPU
		{01CB6E95-DC42-436A-8448-5833C07EE734}.Debug|Any CPU.Build.0 = Debug|Any CPU
		{01CB6E95-DC42-436A-8448-5833C07EE734}.Release|Any CPU.ActiveCfg = Release|Any CPU
		{01CB6E95-DC42-436A-8448-5833C07EE734}.Release|Any CPU.Build.0 = Release|Any CPU
		{059F9880-D083-423D-82C3-37B734DB3239}.Debug|Any CPU.ActiveCfg = Debug|Any CPU
		{059F9880-D083-423D-82C3-37B734DB3239}.Debug|Any CPU.Build.0 = Debug|Any CPU
		{059F9880-D083-423D-82C3-37B734DB3239}.Release|Any CPU.ActiveCfg = Release|Any CPU
		{059F9880-D083-423D-82C3-37B734DB3239}.Release|Any CPU.Build.0 = Release|Any CPU
		{0BF29605-EB1A-4D93-A1EE-CD3A91BA21B3}.Debug|Any CPU.ActiveCfg = Debug|Any CPU
		{0BF29605-EB1A-4D93-A1EE-CD3A91BA21B3}.Debug|Any CPU.Build.0 = Debug|Any CPU
		{0BF29605-EB1A-4D93-A1EE-CD3A91BA21B3}.Release|Any CPU.ActiveCfg = Release|Any CPU
		{0BF29605-EB1A-4D93-A1EE-CD3A91BA21B3}.Release|Any CPU.Build.0 = Release|Any CPU
		{20459C88-EBE7-4202-A185-04182F3DFF45}.Debug|Any CPU.ActiveCfg = Debug|Any CPU
		{20459C88-EBE7-4202-A185-04182F3DFF45}.Debug|Any CPU.Build.0 = Debug|Any CPU
		{20459C88-EBE7-4202-A185-04182F3DFF45}.Release|Any CPU.ActiveCfg = Release|Any CPU
		{20459C88-EBE7-4202-A185-04182F3DFF45}.Release|Any CPU.Build.0 = Release|Any CPU
	EndGlobalSection
	GlobalSection(SolutionProperties) = preSolution
		HideSolutionNode = FALSE
	EndGlobalSection
	GlobalSection(NestedProjects) = preSolution
		{5423BEE9-02E1-4F2E-B317-EBE9ADA94E1B} = {CF85207A-BAFE-4FE2-AC56-46AC5F0956D7}
		{F7A34A48-6763-4E2C-8B04-61177B0C3CD0} = {CF85207A-BAFE-4FE2-AC56-46AC5F0956D7}
		{9E11B034-A4D7-46F4-B163-EE0DF0B73A7A} = {CF85207A-BAFE-4FE2-AC56-46AC5F0956D7}
		{059F9880-D083-423D-82C3-37B734DB3239} = {6924D21F-87C2-4CFF-B211-C9025D8859BF}
		{0BF29605-EB1A-4D93-A1EE-CD3A91BA21B3} = {6924D21F-87C2-4CFF-B211-C9025D8859BF}
		{20459C88-EBE7-4202-A185-04182F3DFF45} = {6924D21F-87C2-4CFF-B211-C9025D8859BF}
		{01CB6E95-DC42-436A-8448-5833C07EE734} = {157FB6E1-EE80-4414-A161-FBB604D8D2AB}
	EndGlobalSection
EndGlobal
